// !$*UTF8*$!
{
	archiveVersion = 1;
	classes = {
	};
	objectVersion = 48;
	objects = {

/* Begin PBXBuildFile section */
		25D1D64E2050F554009CE54C /* AppDelegate.swift in Sources */ = {isa = PBXBuildFile; fileRef = 25D1D64D2050F554009CE54C /* AppDelegate.swift */; };
		25D1D6502050F554009CE54C /* DocumentBrowserViewController.swift in Sources */ = {isa = PBXBuildFile; fileRef = 25D1D64F2050F554009CE54C /* DocumentBrowserViewController.swift */; };
		25D1D6522050F554009CE54C /* DocumentViewController.swift in Sources */ = {isa = PBXBuildFile; fileRef = 25D1D6512050F554009CE54C /* DocumentViewController.swift */; };
		25D1D6542050F554009CE54C /* Document.swift in Sources */ = {isa = PBXBuildFile; fileRef = 25D1D6532050F554009CE54C /* Document.swift */; };
		25D1D6572050F554009CE54C /* Main.storyboard in Resources */ = {isa = PBXBuildFile; fileRef = 25D1D6552050F554009CE54C /* Main.storyboard */; };
		25D1D6592050F554009CE54C /* Assets.xcassets in Resources */ = {isa = PBXBuildFile; fileRef = 25D1D6582050F554009CE54C /* Assets.xcassets */; };
		25D1D65C2050F554009CE54C /* LaunchScreen.storyboard in Resources */ = {isa = PBXBuildFile; fileRef = 25D1D65A2050F554009CE54C /* LaunchScreen.storyboard */; };
		25D1D6672050F554009CE54C /* SMSX_SampleTests.swift in Sources */ = {isa = PBXBuildFile; fileRef = 25D1D6662050F554009CE54C /* SMSX_SampleTests.swift */; };
		25D1D6722050F554009CE54C /* SMSX_SampleUITests.swift in Sources */ = {isa = PBXBuildFile; fileRef = 25D1D6712050F554009CE54C /* SMSX_SampleUITests.swift */; };
		25D1D6852050F673009CE54C /* libz.tbd in Frameworks */ = {isa = PBXBuildFile; fileRef = 25D1D6842050F673009CE54C /* libz.tbd */; };
		25D1D6872050F685009CE54C /* libc++.tbd in Frameworks */ = {isa = PBXBuildFile; fileRef = 25D1D6862050F685009CE54C /* libc++.tbd */; };
		25D1D68D20511FC6009CE54C /* config in Frameworks */ = {isa = PBXBuildFile; fileRef = 25D1D68C20511FC5009CE54C /* config */; };
		25D1D69020512380009CE54C /* config-encrypt.txt in Resources */ = {isa = PBXBuildFile; fileRef = 25D1D68F20512380009CE54C /* config-encrypt.txt */; };
		25D1D69320512761009CE54C /* libShieldSDK.release.a in Frameworks */ = {isa = PBXBuildFile; fileRef = 25D1D69220512761009CE54C /* libShieldSDK.release.a */; };
		25D1D6942051296D009CE54C /* libShieldSDK.release.a in Resources */ = {isa = PBXBuildFile; fileRef = 25D1D69220512761009CE54C /* libShieldSDK.release.a */; };
/* End PBXBuildFile section */

/* Begin PBXContainerItemProxy section */
		25D1D6632050F554009CE54C /* PBXContainerItemProxy */ = {
			isa = PBXContainerItemProxy;
			containerPortal = 25D1D6422050F554009CE54C /* Project object */;
			proxyType = 1;
			remoteGlobalIDString = 25D1D6492050F554009CE54C;
			remoteInfo = "SMSX Sample";
		};
		25D1D66E2050F554009CE54C /* PBXContainerItemProxy */ = {
			isa = PBXContainerItemProxy;
			containerPortal = 25D1D6422050F554009CE54C /* Project object */;
			proxyType = 1;
			remoteGlobalIDString = 25D1D6492050F554009CE54C;
			remoteInfo = "SMSX Sample";
		};
/* End PBXContainerItemProxy section */

/* Begin PBXFileReference section */
		25D1D64A2050F554009CE54C /* SMSX Sample.app */ = {isa = PBXFileReference; explicitFileType = wrapper.application; includeInIndex = 0; path = "SMSX Sample.app"; sourceTree = BUILT_PRODUCTS_DIR; };
		25D1D64D2050F554009CE54C /* AppDelegate.swift */ = {isa = PBXFileReference; lastKnownFileType = sourcecode.swift; path = AppDelegate.swift; sourceTree = "<group>"; };
		25D1D64F2050F554009CE54C /* DocumentBrowserViewController.swift */ = {isa = PBXFileReference; lastKnownFileType = sourcecode.swift; path = DocumentBrowserViewController.swift; sourceTree = "<group>"; };
		25D1D6512050F554009CE54C /* DocumentViewController.swift */ = {isa = PBXFileReference; lastKnownFileType = sourcecode.swift; path = DocumentViewController.swift; sourceTree = "<group>"; };
		25D1D6532050F554009CE54C /* Document.swift */ = {isa = PBXFileReference; lastKnownFileType = sourcecode.swift; path = Document.swift; sourceTree = "<group>"; };
		25D1D6562050F554009CE54C /* Base */ = {isa = PBXFileReference; lastKnownFileType = file.storyboard; name = Base; path = Base.lproj/Main.storyboard; sourceTree = "<group>"; };
		25D1D6582050F554009CE54C /* Assets.xcassets */ = {isa = PBXFileReference; lastKnownFileType = folder.assetcatalog; path = Assets.xcassets; sourceTree = "<group>"; };
		25D1D65B2050F554009CE54C /* Base */ = {isa = PBXFileReference; lastKnownFileType = file.storyboard; name = Base; path = Base.lproj/LaunchScreen.storyboard; sourceTree = "<group>"; };
		25D1D65D2050F554009CE54C /* Info.plist */ = {isa = PBXFileReference; lastKnownFileType = text.plist.xml; path = Info.plist; sourceTree = "<group>"; };
		25D1D6622050F554009CE54C /* SMSX SampleTests.xctest */ = {isa = PBXFileReference; explicitFileType = wrapper.cfbundle; includeInIndex = 0; path = "SMSX SampleTests.xctest"; sourceTree = BUILT_PRODUCTS_DIR; };
		25D1D6662050F554009CE54C /* SMSX_SampleTests.swift */ = {isa = PBXFileReference; lastKnownFileType = sourcecode.swift; path = SMSX_SampleTests.swift; sourceTree = "<group>"; };
		25D1D6682050F554009CE54C /* Info.plist */ = {isa = PBXFileReference; lastKnownFileType = text.plist.xml; path = Info.plist; sourceTree = "<group>"; };
		25D1D66D2050F554009CE54C /* SMSX SampleUITests.xctest */ = {isa = PBXFileReference; explicitFileType = wrapper.cfbundle; includeInIndex = 0; path = "SMSX SampleUITests.xctest"; sourceTree = BUILT_PRODUCTS_DIR; };
		25D1D6712050F554009CE54C /* SMSX_SampleUITests.swift */ = {isa = PBXFileReference; lastKnownFileType = sourcecode.swift; path = SMSX_SampleUITests.swift; sourceTree = "<group>"; };
		25D1D6732050F554009CE54C /* Info.plist */ = {isa = PBXFileReference; lastKnownFileType = text.plist.xml; path = Info.plist; sourceTree = "<group>"; };
		25D1D6802050F5AF009CE54C /* Shield_iOS.2.4.5.7255 */ = {isa = PBXFileReference; lastKnownFileType = folder; name = Shield_iOS.2.4.5.7255; path = ../../../Shield_iOS.2.4.5.7255; sourceTree = "<group>"; };
		25D1D6822050F612009CE54C /* libShieldSDK.debug.a */ = {isa = PBXFileReference; lastKnownFileType = archive.ar; name = libShieldSDK.debug.a; path = ../../../Shield_iOS.2.4.5.7255/SDK/lib/libShieldSDK.debug.a; sourceTree = "<group>"; };
		25D1D6842050F673009CE54C /* libz.tbd */ = {isa = PBXFileReference; lastKnownFileType = "sourcecode.text-based-dylib-definition"; name = libz.tbd; path = usr/lib/libz.tbd; sourceTree = SDKROOT; };
		25D1D6862050F685009CE54C /* libc++.tbd */ = {isa = PBXFileReference; lastKnownFileType = "sourcecode.text-based-dylib-definition"; name = "libc++.tbd"; path = "usr/lib/libc++.tbd"; sourceTree = SDKROOT; };
		25D1D68820511DEF009CE54C /* SDK */ = {isa = PBXFileReference; lastKnownFileType = folder; name = SDK; path = ../../../Shield_iOS.2.4.5.7255/SDK; sourceTree = "<group>"; };
		25D1D68C20511FC5009CE54C /* config */ = {isa = PBXFileReference; lastKnownFileType = folder; name = config; path = ../../../Shield_iOS.2.4.5.7255/config; sourceTree = "<group>"; };
		25D1D68F20512380009CE54C /* config-encrypt.txt */ = {isa = PBXFileReference; fileEncoding = 4; lastKnownFileType = text; path = "config-encrypt.txt"; sourceTree = "<group>"; };
		25D1D69220512761009CE54C /* libShieldSDK.release.a */ = {isa = PBXFileReference; lastKnownFileType = archive.ar; path = libShieldSDK.release.a; sourceTree = "<group>"; };
/* End PBXFileReference section */

/* Begin PBXFrameworksBuildPhase section */
		25D1D6472050F554009CE54C /* Frameworks */ = {
			isa = PBXFrameworksBuildPhase;
			buildActionMask = 2147483647;
			files = (
				25D1D69320512761009CE54C /* libShieldSDK.release.a in Frameworks */,
				25D1D68D20511FC6009CE54C /* config in Frameworks */,
				25D1D6872050F685009CE54C /* libc++.tbd in Frameworks */,
				25D1D6852050F673009CE54C /* libz.tbd in Frameworks */,
			);
			runOnlyForDeploymentPostprocessing = 0;
		};
		25D1D65F2050F554009CE54C /* Frameworks */ = {
			isa = PBXFrameworksBuildPhase;
			buildActionMask = 2147483647;
			files = (
			);
			runOnlyForDeploymentPostprocessing = 0;
		};
		25D1D66A2050F554009CE54C /* Frameworks */ = {
			isa = PBXFrameworksBuildPhase;
			buildActionMask = 2147483647;
			files = (
			);
			runOnlyForDeploymentPostprocessing = 0;
		};
/* End PBXFrameworksBuildPhase section */

/* Begin PBXGroup section */
		25D1D6412050F554009CE54C = {
			isa = PBXGroup;
			children = (
				25D1D68F20512380009CE54C /* config-encrypt.txt */,
				25D1D64C2050F554009CE54C /* SMSX Sample */,
				25D1D6652050F554009CE54C /* SMSX SampleTests */,
				25D1D6702050F554009CE54C /* SMSX SampleUITests */,
				25D1D64B2050F554009CE54C /* Products */,
				25D1D67F2050F5AE009CE54C /* Frameworks */,
			);
			sourceTree = "<group>";
		};
		25D1D64B2050F554009CE54C /* Products */ = {
			isa = PBXGroup;
			children = (
				25D1D64A2050F554009CE54C /* SMSX Sample.app */,
				25D1D6622050F554009CE54C /* SMSX SampleTests.xctest */,
				25D1D66D2050F554009CE54C /* SMSX SampleUITests.xctest */,
			);
			name = Products;
			sourceTree = "<group>";
		};
		25D1D64C2050F554009CE54C /* SMSX Sample */ = {
			isa = PBXGroup;
			children = (
				25D1D64D2050F554009CE54C /* AppDelegate.swift */,
				25D1D64F2050F554009CE54C /* DocumentBrowserViewController.swift */,
				25D1D6512050F554009CE54C /* DocumentViewController.swift */,
				25D1D6532050F554009CE54C /* Document.swift */,
				25D1D6552050F554009CE54C /* Main.storyboard */,
				25D1D6582050F554009CE54C /* Assets.xcassets */,
				25D1D65A2050F554009CE54C /* LaunchScreen.storyboard */,
				25D1D65D2050F554009CE54C /* Info.plist */,
			);
			path = "SMSX Sample";
			sourceTree = "<group>";
		};
		25D1D6652050F554009CE54C /* SMSX SampleTests */ = {
			isa = PBXGroup;
			children = (
				25D1D6662050F554009CE54C /* SMSX_SampleTests.swift */,
				25D1D6682050F554009CE54C /* Info.plist */,
			);
			path = "SMSX SampleTests";
			sourceTree = "<group>";
		};
		25D1D6702050F554009CE54C /* SMSX SampleUITests */ = {
			isa = PBXGroup;
			children = (
				25D1D6712050F554009CE54C /* SMSX_SampleUITests.swift */,
				25D1D6732050F554009CE54C /* Info.plist */,
			);
			path = "SMSX SampleUITests";
			sourceTree = "<group>";
		};
		25D1D67F2050F5AE009CE54C /* Frameworks */ = {
			isa = PBXGroup;
			children = (
				25D1D69220512761009CE54C /* libShieldSDK.release.a */,
				25D1D68C20511FC5009CE54C /* config */,
				25D1D68820511DEF009CE54C /* SDK */,
				25D1D6862050F685009CE54C /* libc++.tbd */,
				25D1D6842050F673009CE54C /* libz.tbd */,
				25D1D6822050F612009CE54C /* libShieldSDK.debug.a */,
				25D1D6802050F5AF009CE54C /* Shield_iOS.2.4.5.7255 */,
			);
			name = Frameworks;
			sourceTree = "<group>";
		};
/* End PBXGroup section */

/* Begin PBXNativeTarget section */
		25D1D6492050F554009CE54C /* SMSX Sample */ = {
			isa = PBXNativeTarget;
			buildConfigurationList = 25D1D6762050F554009CE54C /* Build configuration list for PBXNativeTarget "SMSX Sample" */;
			buildPhases = (
				25D1D6462050F554009CE54C /* Sources */,
				25D1D6472050F554009CE54C /* Frameworks */,
				25D1D6482050F554009CE54C /* Resources */,
			);
			buildRules = (
			);
			dependencies = (
			);
			name = "SMSX Sample";
			productName = "SMSX Sample";
			productReference = 25D1D64A2050F554009CE54C /* SMSX Sample.app */;
			productType = "com.apple.product-type.application";
		};
		25D1D6612050F554009CE54C /* SMSX SampleTests */ = {
			isa = PBXNativeTarget;
			buildConfigurationList = 25D1D6792050F554009CE54C /* Build configuration list for PBXNativeTarget "SMSX SampleTests" */;
			buildPhases = (
				25D1D65E2050F554009CE54C /* Sources */,
				25D1D65F2050F554009CE54C /* Frameworks */,
				25D1D6602050F554009CE54C /* Resources */,
			);
			buildRules = (
			);
			dependencies = (
				25D1D6642050F554009CE54C /* PBXTargetDependency */,
			);
			name = "SMSX SampleTests";
			productName = "SMSX SampleTests";
			productReference = 25D1D6622050F554009CE54C /* SMSX SampleTests.xctest */;
			productType = "com.apple.product-type.bundle.unit-test";
		};
		25D1D66C2050F554009CE54C /* SMSX SampleUITests */ = {
			isa = PBXNativeTarget;
			buildConfigurationList = 25D1D67C2050F554009CE54C /* Build configuration list for PBXNativeTarget "SMSX SampleUITests" */;
			buildPhases = (
				25D1D6692050F554009CE54C /* Sources */,
				25D1D66A2050F554009CE54C /* Frameworks */,
				25D1D66B2050F554009CE54C /* Resources */,
			);
			buildRules = (
			);
			dependencies = (
				25D1D66F2050F554009CE54C /* PBXTargetDependency */,
			);
			name = "SMSX SampleUITests";
			productName = "SMSX SampleUITests";
			productReference = 25D1D66D2050F554009CE54C /* SMSX SampleUITests.xctest */;
			productType = "com.apple.product-type.bundle.ui-testing";
		};
/* End PBXNativeTarget section */

/* Begin PBXProject section */
		25D1D6422050F554009CE54C /* Project object */ = {
			isa = PBXProject;
			attributes = {
				LastSwiftUpdateCheck = 0920;
				LastUpgradeCheck = 0920;
				ORGANIZATIONNAME = "High Siera";
				TargetAttributes = {
					25D1D6492050F554009CE54C = {
						CreatedOnToolsVersion = 9.2;
						ProvisioningStyle = Automatic;
					};
					25D1D6612050F554009CE54C = {
						CreatedOnToolsVersion = 9.2;
						ProvisioningStyle = Automatic;
						TestTargetID = 25D1D6492050F554009CE54C;
					};
					25D1D66C2050F554009CE54C = {
						CreatedOnToolsVersion = 9.2;
						ProvisioningStyle = Automatic;
						TestTargetID = 25D1D6492050F554009CE54C;
					};
				};
			};
			buildConfigurationList = 25D1D6452050F554009CE54C /* Build configuration list for PBXProject "SMSX Sample" */;
			compatibilityVersion = "Xcode 8.0";
			developmentRegion = en;
			hasScannedForEncodings = 0;
			knownRegions = (
				en,
				Base,
			);
			mainGroup = 25D1D6412050F554009CE54C;
			productRefGroup = 25D1D64B2050F554009CE54C /* Products */;
			projectDirPath = "";
			projectRoot = "";
			targets = (
				25D1D6492050F554009CE54C /* SMSX Sample */,
				25D1D6612050F554009CE54C /* SMSX SampleTests */,
				25D1D66C2050F554009CE54C /* SMSX SampleUITests */,
			);
		};
/* End PBXProject section */

/* Begin PBXResourcesBuildPhase section */
		25D1D6482050F554009CE54C /* Resources */ = {
			isa = PBXResourcesBuildPhase;
			buildActionMask = 2147483647;
			files = (
				25D1D6942051296D009CE54C /* libShieldSDK.release.a in Resources */,
				25D1D69020512380009CE54C /* config-encrypt.txt in Resources */,
				25D1D65C2050F554009CE54C /* LaunchScreen.storyboard in Resources */,
				25D1D6592050F554009CE54C /* Assets.xcassets in Resources */,
				25D1D6572050F554009CE54C /* Main.storyboard in Resources */,
			);
			runOnlyForDeploymentPostprocessing = 0;
		};
		25D1D6602050F554009CE54C /* Resources */ = {
			isa = PBXResourcesBuildPhase;
			buildActionMask = 2147483647;
			files = (
			);
			runOnlyForDeploymentPostprocessing = 0;
		};
		25D1D66B2050F554009CE54C /* Resources */ = {
			isa = PBXResourcesBuildPhase;
			buildActionMask = 2147483647;
			files = (
			);
			runOnlyForDeploymentPostprocessing = 0;
		};
/* End PBXResourcesBuildPhase section */

/* Begin PBXSourcesBuildPhase section */
		25D1D6462050F554009CE54C /* Sources */ = {
			isa = PBXSourcesBuildPhase;
			buildActionMask = 2147483647;
			files = (
				25D1D6542050F554009CE54C /* Document.swift in Sources */,
				25D1D6522050F554009CE54C /* DocumentViewController.swift in Sources */,
				25D1D6502050F554009CE54C /* DocumentBrowserViewController.swift in Sources */,
				25D1D64E2050F554009CE54C /* AppDelegate.swift in Sources */,
			);
			runOnlyForDeploymentPostprocessing = 0;
		};
		25D1D65E2050F554009CE54C /* Sources */ = {
			isa = PBXSourcesBuildPhase;
			buildActionMask = 2147483647;
			files = (
				25D1D6672050F554009CE54C /* SMSX_SampleTests.swift in Sources */,
			);
			runOnlyForDeploymentPostprocessing = 0;
		};
		25D1D6692050F554009CE54C /* Sources */ = {
			isa = PBXSourcesBuildPhase;
			buildActionMask = 2147483647;
			files = (
				25D1D6722050F554009CE54C /* SMSX_SampleUITests.swift in Sources */,
			);
			runOnlyForDeploymentPostprocessing = 0;
		};
/* End PBXSourcesBuildPhase section */

/* Begin PBXTargetDependency section */
		25D1D6642050F554009CE54C /* PBXTargetDependency */ = {
			isa = PBXTargetDependency;
			target = 25D1D6492050F554009CE54C /* SMSX Sample */;
			targetProxy = 25D1D6632050F554009CE54C /* PBXContainerItemProxy */;
		};
		25D1D66F2050F554009CE54C /* PBXTargetDependency */ = {
			isa = PBXTargetDependency;
			target = 25D1D6492050F554009CE54C /* SMSX Sample */;
			targetProxy = 25D1D66E2050F554009CE54C /* PBXContainerItemProxy */;
		};
/* End PBXTargetDependency section */

/* Begin PBXVariantGroup section */
		25D1D6552050F554009CE54C /* Main.storyboard */ = {
			isa = PBXVariantGroup;
			children = (
				25D1D6562050F554009CE54C /* Base */,
			);
			name = Main.storyboard;
			sourceTree = "<group>";
		};
		25D1D65A2050F554009CE54C /* LaunchScreen.storyboard */ = {
			isa = PBXVariantGroup;
			children = (
				25D1D65B2050F554009CE54C /* Base */,
			);
			name = LaunchScreen.storyboard;
			sourceTree = "<group>";
		};
/* End PBXVariantGroup section */

/* Begin XCBuildConfiguration section */
		25D1D6742050F554009CE54C /* Debug */ = {
			isa = XCBuildConfiguration;
			buildSettings = {
				ALWAYS_SEARCH_USER_PATHS = NO;
				CLANG_ANALYZER_NONNULL = YES;
				CLANG_ANALYZER_NUMBER_OBJECT_CONVERSION = YES_AGGRESSIVE;
				CLANG_CXX_LANGUAGE_STANDARD = "gnu++14";
				CLANG_CXX_LIBRARY = "libc++";
				CLANG_ENABLE_MODULES = YES;
				CLANG_ENABLE_OBJC_ARC = YES;
				CLANG_WARN_BLOCK_CAPTURE_AUTORELEASING = YES;
				CLANG_WARN_BOOL_CONVERSION = YES;
				CLANG_WARN_COMMA = YES;
				CLANG_WARN_CONSTANT_CONVERSION = YES;
				CLANG_WARN_DIRECT_OBJC_ISA_USAGE = YES_ERROR;
				CLANG_WARN_DOCUMENTATION_COMMENTS = YES;
				CLANG_WARN_EMPTY_BODY = YES;
				CLANG_WARN_ENUM_CONVERSION = YES;
				CLANG_WARN_INFINITE_RECURSION = YES;
				CLANG_WARN_INT_CONVERSION = YES;
				CLANG_WARN_NON_LITERAL_NULL_CONVERSION = YES;
				CLANG_WARN_OBJC_LITERAL_CONVERSION = YES;
				CLANG_WARN_OBJC_ROOT_CLASS = YES_ERROR;
				CLANG_WARN_RANGE_LOOP_ANALYSIS = YES;
				CLANG_WARN_STRICT_PROTOTYPES = YES;
				CLANG_WARN_SUSPICIOUS_MOVE = YES;
				CLANG_WARN_UNGUARDED_AVAILABILITY = YES_AGGRESSIVE;
				CLANG_WARN_UNREACHABLE_CODE = YES;
				CLANG_WARN__DUPLICATE_METHOD_MATCH = YES;
				CODE_SIGN_IDENTITY = "iPhone Developer";
				COPY_PHASE_STRIP = NO;
				DEBUG_INFORMATION_FORMAT = dwarf;
				ENABLE_STRICT_OBJC_MSGSEND = YES;
				ENABLE_TESTABILITY = YES;
				GCC_C_LANGUAGE_STANDARD = gnu11;
				GCC_DYNAMIC_NO_PIC = NO;
				GCC_NO_COMMON_BLOCKS = YES;
				GCC_OPTIMIZATION_LEVEL = 0;
				GCC_PREPROCESSOR_DEFINITIONS = (
					"DEBUG=1",
					"$(inherited)",
				);
				GCC_WARN_64_TO_32_BIT_CONVERSION = YES;
				GCC_WARN_ABOUT_RETURN_TYPE = YES_ERROR;
				GCC_WARN_UNDECLARED_SELECTOR = YES;
				GCC_WARN_UNINITIALIZED_AUTOS = YES_AGGRESSIVE;
				GCC_WARN_UNUSED_FUNCTION = YES;
				GCC_WARN_UNUSED_VARIABLE = YES;
				IPHONEOS_DEPLOYMENT_TARGET = 11.2;
				MTL_ENABLE_DEBUG_INFO = YES;
				ONLY_ACTIVE_ARCH = YES;
				SDKROOT = iphoneos;
				SWIFT_ACTIVE_COMPILATION_CONDITIONS = DEBUG;
				SWIFT_OPTIMIZATION_LEVEL = "-Onone";
			};
			name = Debug;
		};
		25D1D6752050F554009CE54C /* Release */ = {
			isa = XCBuildConfiguration;
			buildSettings = {
				ALWAYS_SEARCH_USER_PATHS = NO;
				CLANG_ANALYZER_NONNULL = YES;
				CLANG_ANALYZER_NUMBER_OBJECT_CONVERSION = YES_AGGRESSIVE;
				CLANG_CXX_LANGUAGE_STANDARD = "gnu++14";
				CLANG_CXX_LIBRARY = "libc++";
				CLANG_ENABLE_MODULES = YES;
				CLANG_ENABLE_OBJC_ARC = YES;
				CLANG_WARN_BLOCK_CAPTURE_AUTORELEASING = YES;
				CLANG_WARN_BOOL_CONVERSION = YES;
				CLANG_WARN_COMMA = YES;
				CLANG_WARN_CONSTANT_CONVERSION = YES;
				CLANG_WARN_DIRECT_OBJC_ISA_USAGE = YES_ERROR;
				CLANG_WARN_DOCUMENTATION_COMMENTS = YES;
				CLANG_WARN_EMPTY_BODY = YES;
				CLANG_WARN_ENUM_CONVERSION = YES;
				CLANG_WARN_INFINITE_RECURSION = YES;
				CLANG_WARN_INT_CONVERSION = YES;
				CLANG_WARN_NON_LITERAL_NULL_CONVERSION = YES;
				CLANG_WARN_OBJC_LITERAL_CONVERSION = YES;
				CLANG_WARN_OBJC_ROOT_CLASS = YES_ERROR;
				CLANG_WARN_RANGE_LOOP_ANALYSIS = YES;
				CLANG_WARN_STRICT_PROTOTYPES = YES;
				CLANG_WARN_SUSPICIOUS_MOVE = YES;
				CLANG_WARN_UNGUARDED_AVAILABILITY = YES_AGGRESSIVE;
				CLANG_WARN_UNREACHABLE_CODE = YES;
				CLANG_WARN__DUPLICATE_METHOD_MATCH = YES;
				CODE_SIGN_IDENTITY = "iPhone Developer";
				COPY_PHASE_STRIP = NO;
				DEBUG_INFORMATION_FORMAT = "dwarf-with-dsym";
				ENABLE_NS_ASSERTIONS = NO;
				ENABLE_STRICT_OBJC_MSGSEND = YES;
				GCC_C_LANGUAGE_STANDARD = gnu11;
				GCC_NO_COMMON_BLOCKS = YES;
				GCC_WARN_64_TO_32_BIT_CONVERSION = YES;
				GCC_WARN_ABOUT_RETURN_TYPE = YES_ERROR;
				GCC_WARN_UNDECLARED_SELECTOR = YES;
				GCC_WARN_UNINITIALIZED_AUTOS = YES_AGGRESSIVE;
				GCC_WARN_UNUSED_FUNCTION = YES;
				GCC_WARN_UNUSED_VARIABLE = YES;
				IPHONEOS_DEPLOYMENT_TARGET = 11.2;
				MTL_ENABLE_DEBUG_INFO = NO;
				SDKROOT = iphoneos;
				SWIFT_OPTIMIZATION_LEVEL = "-Owholemodule";
				VALIDATE_PRODUCT = YES;
			};
			name = Release;
		};
		25D1D6772050F554009CE54C /* Debug */ = {
			isa = XCBuildConfiguration;
			buildSettings = {
				ASSETCATALOG_COMPILER_APPICON_NAME = AppIcon;
				"CODE_SIGN_IDENTITY[sdk=iphoneos*]" = "iPhone Developer";
				CODE_SIGN_STYLE = Automatic;
				DEVELOPMENT_TEAM = 3ABXDNW7MA;
				INFOPLIST_FILE = "SMSX Sample/Info.plist";
				LD_RUNPATH_SEARCH_PATHS = "$(inherited) @executable_path/Frameworks";
				LIBRARY_SEARCH_PATHS = (
					"$(inherited)",
					"$(PROJECT_DIR)",
				);
				PRODUCT_BUNDLE_IDENTIFIER = "SMSX.SMSX-Sample";
				PRODUCT_NAME = "$(TARGET_NAME)";
				PROVISIONING_PROFILE_SPECIFIER = "";
				SWIFT_VERSION = 4.0;
				TARGETED_DEVICE_FAMILY = "1,2";
			};
			name = Debug;
		};
		25D1D6782050F554009CE54C /* Release */ = {
			isa = XCBuildConfiguration;
			buildSettings = {
				ASSETCATALOG_COMPILER_APPICON_NAME = AppIcon;
				"CODE_SIGN_IDENTITY[sdk=iphoneos*]" = "iPhone Developer";
				CODE_SIGN_STYLE = Automatic;
				DEVELOPMENT_TEAM = 3ABXDNW7MA;
				INFOPLIST_FILE = "SMSX Sample/Info.plist";
				LD_RUNPATH_SEARCH_PATHS = "$(inherited) @executable_path/Frameworks";
				LIBRARY_SEARCH_PATHS = (
					"$(inherited)",
					"$(PROJECT_DIR)",
				);
				PRODUCT_BUNDLE_IDENTIFIER = "SMSX.SMSX-Sample";
				PRODUCT_NAME = "$(TARGET_NAME)";
				PROVISIONING_PROFILE_SPECIFIER = "";
				SWIFT_VERSION = 4.0;
				TARGETED_DEVICE_FAMILY = "1,2";
			};
			name = Release;
		};
		25D1D67A2050F554009CE54C /* Debug */ = {
			isa = XCBuildConfiguration;
			buildSettings = {
				ALWAYS_EMBED_SWIFT_STANDARD_LIBRARIES = YES;
				BUNDLE_LOADER = "$(TEST_HOST)";
				CODE_SIGN_STYLE = Automatic;
				INFOPLIST_FILE = "SMSX SampleTests/Info.plist";
				LD_RUNPATH_SEARCH_PATHS = "$(inherited) @executable_path/Frameworks @loader_path/Frameworks";
				PRODUCT_BUNDLE_IDENTIFIER = "SMSX.SMSX-SampleTests";
				PRODUCT_NAME = "$(TARGET_NAME)";
				SWIFT_VERSION = 4.0;
				TARGETED_DEVICE_FAMILY = "1,2";
				TEST_HOST = "$(BUILT_PRODUCTS_DIR)/SMSX Sample.app/SMSX Sample";
			};
			name = Debug;
		};
		25D1D67B2050F554009CE54C /* Release */ = {
			isa = XCBuildConfiguration;
			buildSettings = {
				ALWAYS_EMBED_SWIFT_STANDARD_LIBRARIES = YES;
				BUNDLE_LOADER = "$(TEST_HOST)";
				CODE_SIGN_STYLE = Automatic;
				INFOPLIST_FILE = "SMSX SampleTests/Info.plist";
				LD_RUNPATH_SEARCH_PATHS = "$(inherited) @executable_path/Frameworks @loader_path/Frameworks";
				PRODUCT_BUNDLE_IDENTIFIER = "SMSX.SMSX-SampleTests";
				PRODUCT_NAME = "$(TARGET_NAME)";
				SWIFT_VERSION = 4.0;
				TARGETED_DEVICE_FAMILY = "1,2";
				TEST_HOST = "$(BUILT_PRODUCTS_DIR)/SMSX Sample.app/SMSX Sample";
			};
			name = Release;
		};
		25D1D67D2050F554009CE54C /* Debug */ = {
			isa = XCBuildConfiguration;
			buildSettings = {
				ALWAYS_EMBED_SWIFT_STANDARD_LIBRARIES = YES;
				CODE_SIGN_STYLE = Automatic;
				INFOPLIST_FILE = "SMSX SampleUITests/Info.plist";
				LD_RUNPATH_SEARCH_PATHS = "$(inherited) @executable_path/Frameworks @loader_path/Frameworks";
				PRODUCT_BUNDLE_IDENTIFIER = "SMSX.SMSX-SampleUITests";
				PRODUCT_NAME = "$(TARGET_NAME)";
				SWIFT_VERSION = 4.0;
				TARGETED_DEVICE_FAMILY = "1,2";
				TEST_TARGET_NAME = "SMSX Sample";
			};
			name = Debug;
		};
		25D1D67E2050F554009CE54C /* Release */ = {
			isa = XCBuildConfiguration;
			buildSettings = {
				ALWAYS_EMBED_SWIFT_STANDARD_LIBRARIES = YES;
				CODE_SIGN_STYLE = Automatic;
				INFOPLIST_FILE = "SMSX SampleUITests/Info.plist";
				LD_RUNPATH_SEARCH_PATHS = "$(inherited) @executable_path/Frameworks @loader_path/Frameworks";
				PRODUCT_BUNDLE_IDENTIFIER = "SMSX.SMSX-SampleUITests";
				PRODUCT_NAME = "$(TARGET_NAME)";
				SWIFT_VERSION = 4.0;
				TARGETED_DEVICE_FAMILY = "1,2";
				TEST_TARGET_NAME = "SMSX Sample";
			};
			name = Release;
		};
/* End XCBuildConfiguration section */

/* Begin XCConfigurationList section */
		25D1D6452050F554009CE54C /* Build configuration list for PBXProject "SMSX Sample" */ = {
			isa = XCConfigurationList;
			buildConfigurations = (
				25D1D6742050F554009CE54C /* Debug */,
				25D1D6752050F554009CE54C /* Release */,
			);
			defaultConfigurationIsVisible = 0;
			defaultConfigurationName = Release;
		};
		25D1D6762050F554009CE54C /* Build configuration list for PBXNativeTarget "SMSX Sample" */ = {
			isa = XCConfigurationList;
			buildConfigurations = (
				25D1D6772050F554009CE54C /* Debug */,
				25D1D6782050F554009CE54C /* Release */,
			);
			defaultConfigurationIsVisible = 0;
			defaultConfigurationName = Release;
		};
		25D1D6792050F554009CE54C /* Build configuration list for PBXNativeTarget "SMSX SampleTests" */ = {
			isa = XCConfigurationList;
			buildConfigurations = (
				25D1D67A2050F554009CE54C /* Debug */,
				25D1D67B2050F554009CE54C /* Release */,
			);
			defaultConfigurationIsVisible = 0;
			defaultConfigurationName = Release;
		};
		25D1D67C2050F554009CE54C /* Build configuration list for PBXNativeTarget "SMSX SampleUITests" */ = {
			isa = XCConfigurationList;
			buildConfigurations = (
				25D1D67D2050F554009CE54C /* Debug */,
				25D1D67E2050F554009CE54C /* Release */,
			);
			defaultConfigurationIsVisible = 0;
			defaultConfigurationName = Release;
		};
/* End XCConfigurationList section */
	};
	rootObject = 25D1D6422050F554009CE54C /* Project object */;
}
